// !$*UTF8*$!
{
	archiveVersion = 1;
	classes = {
	};
	objectVersion = 48;
	objects = {

/* Begin PBXBuildFile section */
		08E25BA11F9B62AA0080C6EE /* AppDelegate.swift in Sources */ = {isa = PBXBuildFile; fileRef = 08E25BA01F9B62AA0080C6EE /* AppDelegate.swift */; };
		08E25BA31F9B62AA0080C6EE /* ViewController.swift in Sources */ = {isa = PBXBuildFile; fileRef = 08E25BA21F9B62AA0080C6EE /* ViewController.swift */; };
		08E25BA61F9B62AA0080C6EE /* Main.storyboard in Resources */ = {isa = PBXBuildFile; fileRef = 08E25BA41F9B62AA0080C6EE /* Main.storyboard */; };
		08E25BA81F9B62AA0080C6EE /* Assets.xcassets in Resources */ = {isa = PBXBuildFile; fileRef = 08E25BA71F9B62AA0080C6EE /* Assets.xcassets */; };
		08E25BAB1F9B62AA0080C6EE /* LaunchScreen.storyboard in Resources */ = {isa = PBXBuildFile; fileRef = 08E25BA91F9B62AA0080C6EE /* LaunchScreen.storyboard */; };
		6844476F61BF3D5C7611DDA8 /* Pods_RealmTemplate.framework in Frameworks */ = {isa = PBXBuildFile; fileRef = 526FC93E00DBF7961631B8CE /* Pods_RealmTemplate.framework */; };
		AE0A491D1FC06CEB000604C9 /* WordsTableViewController.swift in Sources */ = {isa = PBXBuildFile; fileRef = AE0A491C1FC06CEB000604C9 /* WordsTableViewController.swift */; };
		AE6C80711F9B711B006236B7 /* WordTableCell.swift in Sources */ = {isa = PBXBuildFile; fileRef = AE6C80701F9B711B006236B7 /* WordTableCell.swift */; };
		AE6C80751F9B75B5006236B7 /* WordModel.swift in Sources */ = {isa = PBXBuildFile; fileRef = AE6C80741F9B75B5006236B7 /* WordModel.swift */; };
		AE6C80771F9B7764006236B7 /* AddToDoController.swift in Sources */ = {isa = PBXBuildFile; fileRef = AE6C80761F9B7764006236B7 /* AddToDoController.swift */; };
/* End PBXBuildFile section */

/* Begin PBXFileReference section */
		08E25B9D1F9B62AA0080C6EE /* RealmTemplate.app */ = {isa = PBXFileReference; explicitFileType = wrapper.application; includeInIndex = 0; path = RealmTemplate.app; sourceTree = BUILT_PRODUCTS_DIR; };
		08E25BA01F9B62AA0080C6EE /* AppDelegate.swift */ = {isa = PBXFileReference; lastKnownFileType = sourcecode.swift; path = AppDelegate.swift; sourceTree = "<group>"; };
		08E25BA21F9B62AA0080C6EE /* ViewController.swift */ = {isa = PBXFileReference; lastKnownFileType = sourcecode.swift; path = ViewController.swift; sourceTree = "<group>"; };
		08E25BA51F9B62AA0080C6EE /* Base */ = {isa = PBXFileReference; lastKnownFileType = file.storyboard; name = Base; path = Base.lproj/Main.storyboard; sourceTree = "<group>"; };
		08E25BA71F9B62AA0080C6EE /* Assets.xcassets */ = {isa = PBXFileReference; lastKnownFileType = folder.assetcatalog; path = Assets.xcassets; sourceTree = "<group>"; };
		08E25BAA1F9B62AA0080C6EE /* Base */ = {isa = PBXFileReference; lastKnownFileType = file.storyboard; name = Base; path = Base.lproj/LaunchScreen.storyboard; sourceTree = "<group>"; };
		08E25BAC1F9B62AA0080C6EE /* Info.plist */ = {isa = PBXFileReference; lastKnownFileType = text.plist.xml; path = Info.plist; sourceTree = "<group>"; };
		526FC93E00DBF7961631B8CE /* Pods_RealmTemplate.framework */ = {isa = PBXFileReference; explicitFileType = wrapper.framework; includeInIndex = 0; path = Pods_RealmTemplate.framework; sourceTree = BUILT_PRODUCTS_DIR; };
		56573BA9015736CD29FAE0C8 /* Pods-RealmTemplate.release.xcconfig */ = {isa = PBXFileReference; includeInIndex = 1; lastKnownFileType = text.xcconfig; name = "Pods-RealmTemplate.release.xcconfig"; path = "Pods/Target Support Files/Pods-RealmTemplate/Pods-RealmTemplate.release.xcconfig"; sourceTree = "<group>"; };
		AE0A491C1FC06CEB000604C9 /* WordsTableViewController.swift */ = {isa = PBXFileReference; lastKnownFileType = sourcecode.swift; path = WordsTableViewController.swift; sourceTree = "<group>"; };
		AE6C80701F9B711B006236B7 /* WordTableCell.swift */ = {isa = PBXFileReference; lastKnownFileType = sourcecode.swift; path = WordTableCell.swift; sourceTree = "<group>"; };
		AE6C80741F9B75B5006236B7 /* WordModel.swift */ = {isa = PBXFileReference; lastKnownFileType = sourcecode.swift; path = WordModel.swift; sourceTree = "<group>"; };
		AE6C80761F9B7764006236B7 /* AddToDoController.swift */ = {isa = PBXFileReference; lastKnownFileType = sourcecode.swift; path = AddToDoController.swift; sourceTree = "<group>"; };
		B703138685283B1F4B1ED5AA /* Pods-RealmTemplate.debug.xcconfig */ = {isa = PBXFileReference; includeInIndex = 1; lastKnownFileType = text.xcconfig; name = "Pods-RealmTemplate.debug.xcconfig"; path = "Pods/Target Support Files/Pods-RealmTemplate/Pods-RealmTemplate.debug.xcconfig"; sourceTree = "<group>"; };
/* End PBXFileReference section */

/* Begin PBXFrameworksBuildPhase section */
		08E25B9A1F9B62AA0080C6EE /* Frameworks */ = {
			isa = PBXFrameworksBuildPhase;
			buildActionMask = 2147483647;
			files = (
				6844476F61BF3D5C7611DDA8 /* Pods_RealmTemplate.framework in Frameworks */,
			);
			runOnlyForDeploymentPostprocessing = 0;
		};
/* End PBXFrameworksBuildPhase section */

/* Begin PBXGroup section */
		04C682691B22CD8B9B99CF81 /* Pods */ = {
			isa = PBXGroup;
			children = (
				B703138685283B1F4B1ED5AA /* Pods-RealmTemplate.debug.xcconfig */,
				56573BA9015736CD29FAE0C8 /* Pods-RealmTemplate.release.xcconfig */,
			);
			name = Pods;
			sourceTree = "<group>";
		};
		08E25B941F9B62AA0080C6EE = {
			isa = PBXGroup;
			children = (
				08E25B9F1F9B62AA0080C6EE /* RealmTemplate */,
				08E25B9E1F9B62AA0080C6EE /* Products */,
				04C682691B22CD8B9B99CF81 /* Pods */,
				5FDAC42AC5A704C7D334ABD4 /* Frameworks */,
			);
			sourceTree = "<group>";
		};
		08E25B9E1F9B62AA0080C6EE /* Products */ = {
			isa = PBXGroup;
			children = (
				08E25B9D1F9B62AA0080C6EE /* RealmTemplate.app */,
			);
			name = Products;
			sourceTree = "<group>";
		};
		08E25B9F1F9B62AA0080C6EE /* RealmTemplate */ = {
			isa = PBXGroup;
			children = (
				08E25BA01F9B62AA0080C6EE /* AppDelegate.swift */,
				08E25BA21F9B62AA0080C6EE /* ViewController.swift */,
				08E25BA41F9B62AA0080C6EE /* Main.storyboard */,
				08E25BA71F9B62AA0080C6EE /* Assets.xcassets */,
				08E25BA91F9B62AA0080C6EE /* LaunchScreen.storyboard */,
				08E25BAC1F9B62AA0080C6EE /* Info.plist */,
				AE6C80701F9B711B006236B7 /* WordTableCell.swift */,
				AE6C80741F9B75B5006236B7 /* WordModel.swift */,
				AE6C80761F9B7764006236B7 /* AddToDoController.swift */,
				AE0A491C1FC06CEB000604C9 /* WordsTableViewController.swift */,
			);
			path = RealmTemplate;
			sourceTree = "<group>";
		};
		5FDAC42AC5A704C7D334ABD4 /* Frameworks */ = {
			isa = PBXGroup;
			children = (
				526FC93E00DBF7961631B8CE /* Pods_RealmTemplate.framework */,
			);
			name = Frameworks;
			sourceTree = "<group>";
		};
/* End PBXGroup section */

/* Begin PBXNativeTarget section */
		08E25B9C1F9B62AA0080C6EE /* RealmTemplate */ = {
			isa = PBXNativeTarget;
			buildConfigurationList = 08E25BAF1F9B62AA0080C6EE /* Build configuration list for PBXNativeTarget "RealmTemplate" */;
			buildPhases = (
				6D38CAC6D3C1A4B32549BC91 /* [CP] Check Pods Manifest.lock */,
				08E25B991F9B62AA0080C6EE /* Sources */,
				08E25B9A1F9B62AA0080C6EE /* Frameworks */,
				08E25B9B1F9B62AA0080C6EE /* Resources */,
				CA1E121B590847920BD4ABD4 /* [CP] Embed Pods Frameworks */,
				C706C48FFCC8B43341BAF1AE /* [CP] Copy Pods Resources */,
			);
			buildRules = (
			);
			dependencies = (
			);
			name = RealmTemplate;
			productName = RealmTemplate;
			productReference = 08E25B9D1F9B62AA0080C6EE /* RealmTemplate.app */;
			productType = "com.apple.product-type.application";
		};
/* End PBXNativeTarget section */

/* Begin PBXProject section */
		08E25B951F9B62AA0080C6EE /* Project object */ = {
			isa = PBXProject;
			attributes = {
				LastSwiftUpdateCheck = 0900;
				LastUpgradeCheck = 0900;
				ORGANIZATIONNAME = "Andrey Volodin";
				TargetAttributes = {
					08E25B9C1F9B62AA0080C6EE = {
						CreatedOnToolsVersion = 9.0;
						ProvisioningStyle = Automatic;
					};
				};
			};
			buildConfigurationList = 08E25B981F9B62AA0080C6EE /* Build configuration list for PBXProject "RealmTemplate" */;
			compatibilityVersion = "Xcode 8.0";
			developmentRegion = en;
			hasScannedForEncodings = 0;
			knownRegions = (
				en,
				Base,
			);
			mainGroup = 08E25B941F9B62AA0080C6EE;
			productRefGroup = 08E25B9E1F9B62AA0080C6EE /* Products */;
			projectDirPath = "";
			projectRoot = "";
			targets = (
				08E25B9C1F9B62AA0080C6EE /* RealmTemplate */,
			);
		};
/* End PBXProject section */

/* Begin PBXResourcesBuildPhase section */
		08E25B9B1F9B62AA0080C6EE /* Resources */ = {
			isa = PBXResourcesBuildPhase;
			buildActionMask = 2147483647;
			files = (
				08E25BAB1F9B62AA0080C6EE /* LaunchScreen.storyboard in Resources */,
				08E25BA81F9B62AA0080C6EE /* Assets.xcassets in Resources */,
				08E25BA61F9B62AA0080C6EE /* Main.storyboard in Resources */,
			);
			runOnlyForDeploymentPostprocessing = 0;
		};
/* End PBXResourcesBuildPhase section */

/* Begin PBXShellScriptBuildPhase section */
		6D38CAC6D3C1A4B32549BC91 /* [CP] Check Pods Manifest.lock */ = {
			isa = PBXShellScriptBuildPhase;
			buildActionMask = 2147483647;
			files = (
			);
			inputPaths = (
			);
			name = "[CP] Check Pods Manifest.lock";
			outputPaths = (
			);
			runOnlyForDeploymentPostprocessing = 0;
			shellPath = /bin/sh;
			shellScript = "diff \"${PODS_ROOT}/../Podfile.lock\" \"${PODS_ROOT}/Manifest.lock\" > /dev/null\nif [ $? != 0 ] ; then\n    # print error to STDERR\n    echo \"error: The sandbox is not in sync with the Podfile.lock. Run 'pod install' or update your CocoaPods installation.\" >&2\n    exit 1\nfi\n";
			showEnvVarsInLog = 0;
		};
		C706C48FFCC8B43341BAF1AE /* [CP] Copy Pods Resources */ = {
			isa = PBXShellScriptBuildPhase;
			buildActionMask = 2147483647;
			files = (
			);
			inputPaths = (
			);
			name = "[CP] Copy Pods Resources";
			outputPaths = (
			);
			runOnlyForDeploymentPostprocessing = 0;
			shellPath = /bin/sh;
			shellScript = "\"${SRCROOT}/Pods/Target Support Files/Pods-RealmTemplate/Pods-RealmTemplate-resources.sh\"\n";
			showEnvVarsInLog = 0;
		};
		CA1E121B590847920BD4ABD4 /* [CP] Embed Pods Frameworks */ = {
			isa = PBXShellScriptBuildPhase;
			buildActionMask = 2147483647;
			files = (
			);
			inputPaths = (
			);
			name = "[CP] Embed Pods Frameworks";
			outputPaths = (
			);
			runOnlyForDeploymentPostprocessing = 0;
			shellPath = /bin/sh;
			shellScript = "\"${SRCROOT}/Pods/Target Support Files/Pods-RealmTemplate/Pods-RealmTemplate-frameworks.sh\"\n";
			showEnvVarsInLog = 0;
		};
/* End PBXShellScriptBuildPhase section */

/* Begin PBXSourcesBuildPhase section */
		08E25B991F9B62AA0080C6EE /* Sources */ = {
			isa = PBXSourcesBuildPhase;
			buildActionMask = 2147483647;
			files = (
				AE6C80771F9B7764006236B7 /* AddToDoController.swift in Sources */,
				AE6C80711F9B711B006236B7 /* WordTableCell.swift in Sources */,
				08E25BA31F9B62AA0080C6EE /* ViewController.swift in Sources */,
				AE6C80751F9B75B5006236B7 /* WordModel.swift in Sources */,
				AE0A491D1FC06CEB000604C9 /* WordsTableViewController.swift in Sources */,
				08E25BA11F9B62AA0080C6EE /* AppDelegate.swift in Sources */,
			);
			runOnlyForDeploymentPostprocessing = 0;
		};
/* End PBXSourcesBuildPhase section */

/* Begin PBXVariantGroup section */
		08E25BA41F9B62AA0080C6EE /* Main.storyboard */ = {
			isa = PBXVariantGroup;
			children = (
				08E25BA51F9B62AA0080C6EE /* Base */,
			);
			name = Main.storyboard;
			sourceTree = "<group>";
		};
		08E25BA91F9B62AA0080C6EE /* LaunchScreen.storyboard */ = {
			isa = PBXVariantGroup;
			children = (
				08E25BAA1F9B62AA0080C6EE /* Base */,
			);
			name = LaunchScreen.storyboard;
			sourceTree = "<group>";
		};
/* End PBXVariantGroup section */

/* Begin XCBuildConfiguration section */
		08E25BAD1F9B62AA0080C6EE /* Debug */ = {
			isa = XCBuildConfiguration;
			buildSettings = {
				ALWAYS_SEARCH_USER_PATHS = NO;
				CLANG_ANALYZER_NONNULL = YES;
				CLANG_ANALYZER_NUMBER_OBJECT_CONVERSION = YES_AGGRESSIVE;
				CLANG_CXX_LANGUAGE_STANDARD = "gnu++14";
				CLANG_CXX_LIBRARY = "libc++";
				CLANG_ENABLE_MODULES = YES;
				CLANG_ENABLE_OBJC_ARC = YES;
				CLANG_WARN_BLOCK_CAPTURE_AUTORELEASING = YES;
				CLANG_WARN_BOOL_CONVERSION = YES;
				CLANG_WARN_COMMA = YES;
				CLANG_WARN_CONSTANT_CONVERSION = YES;
				CLANG_WARN_DIRECT_OBJC_ISA_USAGE = YES_ERROR;
				CLANG_WARN_DOCUMENTATION_COMMENTS = YES;
				CLANG_WARN_EMPTY_BODY = YES;
				CLANG_WARN_ENUM_CONVERSION = YES;
				CLANG_WARN_INFINITE_RECURSION = YES;
				CLANG_WARN_INT_CONVERSION = YES;
				CLANG_WARN_NON_LITERAL_NULL_CONVERSION = YES;
				CLANG_WARN_OBJC_LITERAL_CONVERSION = YES;
				CLANG_WARN_OBJC_ROOT_CLASS = YES_ERROR;
				CLANG_WARN_RANGE_LOOP_ANALYSIS = YES;
				CLANG_WARN_STRICT_PROTOTYPES = YES;
				CLANG_WARN_SUSPICIOUS_MOVE = YES;
				CLANG_WARN_UNGUARDED_AVAILABILITY = YES_AGGRESSIVE;
				CLANG_WARN_UNREACHABLE_CODE = YES;
				CLANG_WARN__DUPLICATE_METHOD_MATCH = YES;
				CODE_SIGN_IDENTITY = "iPhone Developer";
				COPY_PHASE_STRIP = NO;
				DEBUG_INFORMATION_FORMAT = dwarf;
				ENABLE_STRICT_OBJC_MSGSEND = YES;
				ENABLE_TESTABILITY = YES;
				GCC_C_LANGUAGE_STANDARD = gnu11;
				GCC_DYNAMIC_NO_PIC = NO;
				GCC_NO_COMMON_BLOCKS = YES;
				GCC_OPTIMIZATION_LEVEL = 0;
				GCC_PREPROCESSOR_DEFINITIONS = (
					"DEBUG=1",
					"$(inherited)",
				);
				GCC_WARN_64_TO_32_BIT_CONVERSION = YES;
				GCC_WARN_ABOUT_RETURN_TYPE = YES_ERROR;
				GCC_WARN_UNDECLARED_SELECTOR = YES;
				GCC_WARN_UNINITIALIZED_AUTOS = YES_AGGRESSIVE;
				GCC_WARN_UNUSED_FUNCTION = YES;
				GCC_WARN_UNUSED_VARIABLE = YES;
				IPHONEOS_DEPLOYMENT_TARGET = 11.0;
				MTL_ENABLE_DEBUG_INFO = YES;
				ONLY_ACTIVE_ARCH = YES;
				SDKROOT = iphoneos;
				SWIFT_ACTIVE_COMPILATION_CONDITIONS = DEBUG;
				SWIFT_OPTIMIZATION_LEVEL = "-Onone";
			};
			name = Debug;
		};
		08E25BAE1F9B62AA0080C6EE /* Release */ = {
			isa = XCBuildConfiguration;
			buildSettings = {
				ALWAYS_SEARCH_USER_PATHS = NO;
				CLANG_ANALYZER_NONNULL = YES;
				CLANG_ANALYZER_NUMBER_OBJECT_CONVERSION = YES_AGGRESSIVE;
				CLANG_CXX_LANGUAGE_STANDARD = "gnu++14";
				CLANG_CXX_LIBRARY = "libc++";
				CLANG_ENABLE_MODULES = YES;
				CLANG_ENABLE_OBJC_ARC = YES;
				CLANG_WARN_BLOCK_CAPTURE_AUTORELEASING = YES;
				CLANG_WARN_BOOL_CONVERSION = YES;
				CLANG_WARN_COMMA = YES;
				CLANG_WARN_CONSTANT_CONVERSION = YES;
				CLANG_WARN_DIRECT_OBJC_ISA_USAGE = YES_ERROR;
				CLANG_WARN_DOCUMENTATION_COMMENTS = YES;
				CLANG_WARN_EMPTY_BODY = YES;
				CLANG_WARN_ENUM_CONVERSION = YES;
				CLANG_WARN_INFINITE_RECURSION = YES;
				CLANG_WARN_INT_CONVERSION = YES;
				CLANG_WARN_NON_LITERAL_NULL_CONVERSION = YES;
				CLANG_WARN_OBJC_LITERAL_CONVERSION = YES;
				CLANG_WARN_OBJC_ROOT_CLASS = YES_ERROR;
				CLANG_WARN_RANGE_LOOP_ANALYSIS = YES;
				CLANG_WARN_STRICT_PROTOTYPES = YES;
				CLANG_WARN_SUSPICIOUS_MOVE = YES;
				CLANG_WARN_UNGUARDED_AVAILABILITY = YES_AGGRESSIVE;
				CLANG_WARN_UNREACHABLE_CODE = YES;
				CLANG_WARN__DUPLICATE_METHOD_MATCH = YES;
				CODE_SIGN_IDENTITY = "iPhone Developer";
				COPY_PHASE_STRIP = NO;
				DEBUG_INFORMATION_FORMAT = "dwarf-with-dsym";
				ENABLE_NS_ASSERTIONS = NO;
				ENABLE_STRICT_OBJC_MSGSEND = YES;
				GCC_C_LANGUAGE_STANDARD = gnu11;
				GCC_NO_COMMON_BLOCKS = YES;
				GCC_WARN_64_TO_32_BIT_CONVERSION = YES;
				GCC_WARN_ABOUT_RETURN_TYPE = YES_ERROR;
				GCC_WARN_UNDECLARED_SELECTOR = YES;
				GCC_WARN_UNINITIALIZED_AUTOS = YES_AGGRESSIVE;
				GCC_WARN_UNUSED_FUNCTION = YES;
				GCC_WARN_UNUSED_VARIABLE = YES;
				IPHONEOS_DEPLOYMENT_TARGET = 11.0;
				MTL_ENABLE_DEBUG_INFO = NO;
				SDKROOT = iphoneos;
				SWIFT_OPTIMIZATION_LEVEL = "-Owholemodule";
				VALIDATE_PRODUCT = YES;
			};
			name = Release;
		};
		08E25BB01F9B62AA0080C6EE /* Debug */ = {
			isa = XCBuildConfiguration;
			baseConfigurationReference = B703138685283B1F4B1ED5AA /* Pods-RealmTemplate.debug.xcconfig */;
			buildSettings = {
				ASSETCATALOG_COMPILER_APPICON_NAME = AppIcon;
				CODE_SIGN_STYLE = Automatic;
				DEVELOPMENT_TEAM = PR6HV9J6AD;
				INFOPLIST_FILE = RealmTemplate/Info.plist;
				LD_RUNPATH_SEARCH_PATHS = "$(inherited) @executable_path/Frameworks";
				PRODUCT_BUNDLE_IDENTIFIER = vrn.vsu.RealmTemplate;
				PRODUCT_NAME = "$(TARGET_NAME)";
				SWIFT_VERSION = 4.0;
				TARGETED_DEVICE_FAMILY = "1,2";
			};
			name = Debug;
		};
		08E25BB11F9B62AA0080C6EE /* Release */ = {
			isa = XCBuildConfiguration;
			baseConfigurationReference = 56573BA9015736CD29FAE0C8 /* Pods-RealmTemplate.release.xcconfig */;
			buildSettings = {
				ASSETCATALOG_COMPILER_APPICON_NAME = AppIcon;
				CODE_SIGN_STYLE = Automatic;
				DEVELOPMENT_TEAM = PR6HV9J6AD;
				INFOPLIST_FILE = RealmTemplate/Info.plist;
				LD_RUNPATH_SEARCH_PATHS = "$(inherited) @executable_path/Frameworks";
				PRODUCT_BUNDLE_IDENTIFIER = vrn.vsu.RealmTemplate;
				PRODUCT_NAME = "$(TARGET_NAME)";
				SWIFT_VERSION = 4.0;
				TARGETED_DEVICE_FAMILY = "1,2";
			};
			name = Release;
		};
/* End XCBuildConfiguration section */

/* Begin XCConfigurationList section */
		08E25B981F9B62AA0080C6EE /* Build configuration list for PBXProject "RealmTemplate" */ = {
			isa = XCConfigurationList;
			buildConfigurations = (
				08E25BAD1F9B62AA0080C6EE /* Debug */,
				08E25BAE1F9B62AA0080C6EE /* Release */,
			);
			defaultConfigurationIsVisible = 0;
			defaultConfigurationName = Release;
		};
		08E25BAF1F9B62AA0080C6EE /* Build configuration list for PBXNativeTarget "RealmTemplate" */ = {
			isa = XCConfigurationList;
			buildConfigurations = (
				08E25BB01F9B62AA0080C6EE /* Debug */,
				08E25BB11F9B62AA0080C6EE /* Release */,
			);
			defaultConfigurationIsVisible = 0;
			defaultConfigurationName = Release;
		};
/* End XCConfigurationList section */
	};
	rootObject = 08E25B951F9B62AA0080C6EE /* Project object */;
}
